// !$*UTF8*$!
{
	archiveVersion = 1;
	classes = {
	};
	objectVersion = 50;
	objects = {

/* Begin PBXBuildFile section */
		9FB43D222663B915005473B1 /* AppDelegate.swift in Sources */ = {isa = PBXBuildFile; fileRef = 9FB43D212663B915005473B1 /* AppDelegate.swift */; };
		9FB43D242663B915005473B1 /* SceneDelegate.swift in Sources */ = {isa = PBXBuildFile; fileRef = 9FB43D232663B915005473B1 /* SceneDelegate.swift */; };
		9FB43D262663B915005473B1 /* ContentView.swift in Sources */ = {isa = PBXBuildFile; fileRef = 9FB43D252663B915005473B1 /* ContentView.swift */; };
		9FB43D282663B916005473B1 /* Assets.xcassets in Resources */ = {isa = PBXBuildFile; fileRef = 9FB43D272663B916005473B1 /* Assets.xcassets */; };
		9FB43D2B2663B916005473B1 /* Preview Assets.xcassets in Resources */ = {isa = PBXBuildFile; fileRef = 9FB43D2A2663B916005473B1 /* Preview Assets.xcassets */; };
		9FB43D2E2663B916005473B1 /* LaunchScreen.storyboard in Resources */ = {isa = PBXBuildFile; fileRef = 9FB43D2C2663B916005473B1 /* LaunchScreen.storyboard */; };
		9FB43D392663B916005473B1 /* News_SwiftUITests.swift in Sources */ = {isa = PBXBuildFile; fileRef = 9FB43D382663B916005473B1 /* News_SwiftUITests.swift */; };
		9FB43D442663B916005473B1 /* News_SwiftUIUITests.swift in Sources */ = {isa = PBXBuildFile; fileRef = 9FB43D432663B916005473B1 /* News_SwiftUIUITests.swift */; };
		9FB43D532663BE12005473B1 /* NetworkManeger.swift in Sources */ = {isa = PBXBuildFile; fileRef = 9FB43D522663BE12005473B1 /* NetworkManeger.swift */; };
		9FB43D552663C0CC005473B1 /* PostData.swift in Sources */ = {isa = PBXBuildFile; fileRef = 9FB43D542663C0CC005473B1 /* PostData.swift */; };
/* End PBXBuildFile section */

/* Begin PBXContainerItemProxy section */
		9FB43D352663B916005473B1 /* PBXContainerItemProxy */ = {
			isa = PBXContainerItemProxy;
			containerPortal = 9FB43D162663B915005473B1 /* Project object */;
			proxyType = 1;
			remoteGlobalIDString = 9FB43D1D2663B915005473B1;
			remoteInfo = "News-SwiftUI";
		};
		9FB43D402663B916005473B1 /* PBXContainerItemProxy */ = {
			isa = PBXContainerItemProxy;
			containerPortal = 9FB43D162663B915005473B1 /* Project object */;
			proxyType = 1;
			remoteGlobalIDString = 9FB43D1D2663B915005473B1;
			remoteInfo = "News-SwiftUI";
		};
/* End PBXContainerItemProxy section */

/* Begin PBXFileReference section */
		9FB43D1E2663B915005473B1 /* News-SwiftUI.app */ = {isa = PBXFileReference; explicitFileType = wrapper.application; includeInIndex = 0; path = "News-SwiftUI.app"; sourceTree = BUILT_PRODUCTS_DIR; };
		9FB43D212663B915005473B1 /* AppDelegate.swift */ = {isa = PBXFileReference; lastKnownFileType = sourcecode.swift; path = AppDelegate.swift; sourceTree = "<group>"; };
		9FB43D232663B915005473B1 /* SceneDelegate.swift */ = {isa = PBXFileReference; lastKnownFileType = sourcecode.swift; path = SceneDelegate.swift; sourceTree = "<group>"; };
		9FB43D252663B915005473B1 /* ContentView.swift */ = {isa = PBXFileReference; lastKnownFileType = sourcecode.swift; path = ContentView.swift; sourceTree = "<group>"; };
		9FB43D272663B916005473B1 /* Assets.xcassets */ = {isa = PBXFileReference; lastKnownFileType = folder.assetcatalog; path = Assets.xcassets; sourceTree = "<group>"; };
		9FB43D2A2663B916005473B1 /* Preview Assets.xcassets */ = {isa = PBXFileReference; lastKnownFileType = folder.assetcatalog; path = "Preview Assets.xcassets"; sourceTree = "<group>"; };
		9FB43D2D2663B916005473B1 /* Base */ = {isa = PBXFileReference; lastKnownFileType = file.storyboard; name = Base; path = Base.lproj/LaunchScreen.storyboard; sourceTree = "<group>"; };
		9FB43D2F2663B916005473B1 /* Info.plist */ = {isa = PBXFileReference; lastKnownFileType = text.plist.xml; path = Info.plist; sourceTree = "<group>"; };
		9FB43D342663B916005473B1 /* News-SwiftUITests.xctest */ = {isa = PBXFileReference; explicitFileType = wrapper.cfbundle; includeInIndex = 0; path = "News-SwiftUITests.xctest"; sourceTree = BUILT_PRODUCTS_DIR; };
		9FB43D382663B916005473B1 /* News_SwiftUITests.swift */ = {isa = PBXFileReference; lastKnownFileType = sourcecode.swift; path = News_SwiftUITests.swift; sourceTree = "<group>"; };
		9FB43D3A2663B916005473B1 /* Info.plist */ = {isa = PBXFileReference; lastKnownFileType = text.plist.xml; path = Info.plist; sourceTree = "<group>"; };
		9FB43D3F2663B916005473B1 /* News-SwiftUIUITests.xctest */ = {isa = PBXFileReference; explicitFileType = wrapper.cfbundle; includeInIndex = 0; path = "News-SwiftUIUITests.xctest"; sourceTree = BUILT_PRODUCTS_DIR; };
		9FB43D432663B916005473B1 /* News_SwiftUIUITests.swift */ = {isa = PBXFileReference; lastKnownFileType = sourcecode.swift; path = News_SwiftUIUITests.swift; sourceTree = "<group>"; };
		9FB43D452663B916005473B1 /* Info.plist */ = {isa = PBXFileReference; lastKnownFileType = text.plist.xml; path = Info.plist; sourceTree = "<group>"; };
		9FB43D522663BE12005473B1 /* NetworkManeger.swift */ = {isa = PBXFileReference; lastKnownFileType = sourcecode.swift; path = NetworkManeger.swift; sourceTree = "<group>"; };
		9FB43D542663C0CC005473B1 /* PostData.swift */ = {isa = PBXFileReference; lastKnownFileType = sourcecode.swift; path = PostData.swift; sourceTree = "<group>"; };
/* End PBXFileReference section */

/* Begin PBXFrameworksBuildPhase section */
		9FB43D1B2663B915005473B1 /* Frameworks */ = {
			isa = PBXFrameworksBuildPhase;
			buildActionMask = 2147483647;
			files = (
			);
			runOnlyForDeploymentPostprocessing = 0;
		};
		9FB43D312663B916005473B1 /* Frameworks */ = {
			isa = PBXFrameworksBuildPhase;
			buildActionMask = 2147483647;
			files = (
			);
			runOnlyForDeploymentPostprocessing = 0;
		};
		9FB43D3C2663B916005473B1 /* Frameworks */ = {
			isa = PBXFrameworksBuildPhase;
			buildActionMask = 2147483647;
			files = (
			);
			runOnlyForDeploymentPostprocessing = 0;
		};
/* End PBXFrameworksBuildPhase section */

/* Begin PBXGroup section */
		9FB43D152663B915005473B1 = {
			isa = PBXGroup;
			children = (
				9FB43D202663B915005473B1 /* News-SwiftUI */,
				9FB43D372663B916005473B1 /* News-SwiftUITests */,
				9FB43D422663B916005473B1 /* News-SwiftUIUITests */,
				9FB43D1F2663B915005473B1 /* Products */,
			);
			sourceTree = "<group>";
		};
		9FB43D1F2663B915005473B1 /* Products */ = {
			isa = PBXGroup;
			children = (
				9FB43D1E2663B915005473B1 /* News-SwiftUI.app */,
				9FB43D342663B916005473B1 /* News-SwiftUITests.xctest */,
				9FB43D3F2663B916005473B1 /* News-SwiftUIUITests.xctest */,
			);
			name = Products;
			sourceTree = "<group>";
		};
		9FB43D202663B915005473B1 /* News-SwiftUI */ = {
			isa = PBXGroup;
			children = (
				9FB43D212663B915005473B1 /* AppDelegate.swift */,
				9FB43D232663B915005473B1 /* SceneDelegate.swift */,
				9FB43D252663B915005473B1 /* ContentView.swift */,
				9FB43D512663BDEF005473B1 /* Models */,
				9FB43D272663B916005473B1 /* Assets.xcassets */,
				9FB43D2C2663B916005473B1 /* LaunchScreen.storyboard */,
				9FB43D2F2663B916005473B1 /* Info.plist */,
				9FB43D292663B916005473B1 /* Preview Content */,
			);
			path = "News-SwiftUI";
			sourceTree = "<group>";
		};
		9FB43D292663B916005473B1 /* Preview Content */ = {
			isa = PBXGroup;
			children = (
				9FB43D2A2663B916005473B1 /* Preview Assets.xcassets */,
			);
			path = "Preview Content";
			sourceTree = "<group>";
		};
		9FB43D372663B916005473B1 /* News-SwiftUITests */ = {
			isa = PBXGroup;
			children = (
				9FB43D382663B916005473B1 /* News_SwiftUITests.swift */,
				9FB43D3A2663B916005473B1 /* Info.plist */,
			);
			path = "News-SwiftUITests";
			sourceTree = "<group>";
		};
		9FB43D422663B916005473B1 /* News-SwiftUIUITests */ = {
			isa = PBXGroup;
			children = (
				9FB43D432663B916005473B1 /* News_SwiftUIUITests.swift */,
				9FB43D452663B916005473B1 /* Info.plist */,
			);
			path = "News-SwiftUIUITests";
			sourceTree = "<group>";
		};
		9FB43D512663BDEF005473B1 /* Models */ = {
			isa = PBXGroup;
			children = (
				9FB43D522663BE12005473B1 /* NetworkManeger.swift */,
				9FB43D542663C0CC005473B1 /* PostData.swift */,
			);
			path = Models;
			sourceTree = "<group>";
		};
/* End PBXGroup section */

/* Begin PBXNativeTarget section */
		9FB43D1D2663B915005473B1 /* News-SwiftUI */ = {
			isa = PBXNativeTarget;
			buildConfigurationList = 9FB43D482663B916005473B1 /* Build configuration list for PBXNativeTarget "News-SwiftUI" */;
			buildPhases = (
				9FB43D1A2663B915005473B1 /* Sources */,
				9FB43D1B2663B915005473B1 /* Frameworks */,
				9FB43D1C2663B915005473B1 /* Resources */,
			);
			buildRules = (
			);
			dependencies = (
			);
			name = "News-SwiftUI";
			productName = "News-SwiftUI";
			productReference = 9FB43D1E2663B915005473B1 /* News-SwiftUI.app */;
			productType = "com.apple.product-type.application";
		};
		9FB43D332663B916005473B1 /* News-SwiftUITests */ = {
			isa = PBXNativeTarget;
			buildConfigurationList = 9FB43D4B2663B916005473B1 /* Build configuration list for PBXNativeTarget "News-SwiftUITests" */;
			buildPhases = (
				9FB43D302663B916005473B1 /* Sources */,
				9FB43D312663B916005473B1 /* Frameworks */,
				9FB43D322663B916005473B1 /* Resources */,
			);
			buildRules = (
			);
			dependencies = (
				9FB43D362663B916005473B1 /* PBXTargetDependency */,
			);
			name = "News-SwiftUITests";
			productName = "News-SwiftUITests";
			productReference = 9FB43D342663B916005473B1 /* News-SwiftUITests.xctest */;
			productType = "com.apple.product-type.bundle.unit-test";
		};
		9FB43D3E2663B916005473B1 /* News-SwiftUIUITests */ = {
			isa = PBXNativeTarget;
			buildConfigurationList = 9FB43D4E2663B916005473B1 /* Build configuration list for PBXNativeTarget "News-SwiftUIUITests" */;
			buildPhases = (
				9FB43D3B2663B916005473B1 /* Sources */,
				9FB43D3C2663B916005473B1 /* Frameworks */,
				9FB43D3D2663B916005473B1 /* Resources */,
			);
			buildRules = (
			);
			dependencies = (
				9FB43D412663B916005473B1 /* PBXTargetDependency */,
			);
			name = "News-SwiftUIUITests";
			productName = "News-SwiftUIUITests";
			productReference = 9FB43D3F2663B916005473B1 /* News-SwiftUIUITests.xctest */;
			productType = "com.apple.product-type.bundle.ui-testing";
		};
/* End PBXNativeTarget section */

/* Begin PBXProject section */
		9FB43D162663B915005473B1 /* Project object */ = {
			isa = PBXProject;
			attributes = {
				LastSwiftUpdateCheck = 1250;
				LastUpgradeCheck = 1250;
				TargetAttributes = {
					9FB43D1D2663B915005473B1 = {
						CreatedOnToolsVersion = 12.5;
					};
					9FB43D332663B916005473B1 = {
						CreatedOnToolsVersion = 12.5;
						TestTargetID = 9FB43D1D2663B915005473B1;
					};
					9FB43D3E2663B916005473B1 = {
						CreatedOnToolsVersion = 12.5;
						TestTargetID = 9FB43D1D2663B915005473B1;
					};
				};
			};
			buildConfigurationList = 9FB43D192663B915005473B1 /* Build configuration list for PBXProject "News-SwiftUI" */;
			compatibilityVersion = "Xcode 9.3";
			developmentRegion = en;
			hasScannedForEncodings = 0;
			knownRegions = (
				en,
				Base,
			);
			mainGroup = 9FB43D152663B915005473B1;
			productRefGroup = 9FB43D1F2663B915005473B1 /* Products */;
			projectDirPath = "";
			projectRoot = "";
			targets = (
				9FB43D1D2663B915005473B1 /* News-SwiftUI */,
				9FB43D332663B916005473B1 /* News-SwiftUITests */,
				9FB43D3E2663B916005473B1 /* News-SwiftUIUITests */,
			);
		};
/* End PBXProject section */

/* Begin PBXResourcesBuildPhase section */
		9FB43D1C2663B915005473B1 /* Resources */ = {
			isa = PBXResourcesBuildPhase;
			buildActionMask = 2147483647;
			files = (
				9FB43D2E2663B916005473B1 /* LaunchScreen.storyboard in Resources */,
				9FB43D2B2663B916005473B1 /* Preview Assets.xcassets in Resources */,
				9FB43D282663B916005473B1 /* Assets.xcassets in Resources */,
			);
			runOnlyForDeploymentPostprocessing = 0;
		};
		9FB43D322663B916005473B1 /* Resources */ = {
			isa = PBXResourcesBuildPhase;
			buildActionMask = 2147483647;
			files = (
			);
			runOnlyForDeploymentPostprocessing = 0;
		};
		9FB43D3D2663B916005473B1 /* Resources */ = {
			isa = PBXResourcesBuildPhase;
			buildActionMask = 2147483647;
			files = (
			);
			runOnlyForDeploymentPostprocessing = 0;
		};
/* End PBXResourcesBuildPhase section */

/* Begin PBXSourcesBuildPhase section */
		9FB43D1A2663B915005473B1 /* Sources */ = {
			isa = PBXSourcesBuildPhase;
			buildActionMask = 2147483647;
			files = (
				9FB43D552663C0CC005473B1 /* PostData.swift in Sources */,
				9FB43D532663BE12005473B1 /* NetworkManeger.swift in Sources */,
				9FB43D222663B915005473B1 /* AppDelegate.swift in Sources */,
				9FB43D242663B915005473B1 /* SceneDelegate.swift in Sources */,
				9FB43D262663B915005473B1 /* ContentView.swift in Sources */,
			);
			runOnlyForDeploymentPostprocessing = 0;
		};
		9FB43D302663B916005473B1 /* Sources */ = {
			isa = PBXSourcesBuildPhase;
			buildActionMask = 2147483647;
			files = (
				9FB43D392663B916005473B1 /* News_SwiftUITests.swift in Sources */,
			);
			runOnlyForDeploymentPostprocessing = 0;
		};
		9FB43D3B2663B916005473B1 /* Sources */ = {
			isa = PBXSourcesBuildPhase;
			buildActionMask = 2147483647;
			files = (
				9FB43D442663B916005473B1 /* News_SwiftUIUITests.swift in Sources */,
			);
			runOnlyForDeploymentPostprocessing = 0;
		};
/* End PBXSourcesBuildPhase section */

/* Begin PBXTargetDependency section */
		9FB43D362663B916005473B1 /* PBXTargetDependency */ = {
			isa = PBXTargetDependency;
			target = 9FB43D1D2663B915005473B1 /* News-SwiftUI */;
			targetProxy = 9FB43D352663B916005473B1 /* PBXContainerItemProxy */;
		};
		9FB43D412663B916005473B1 /* PBXTargetDependency */ = {
			isa = PBXTargetDependency;
			target = 9FB43D1D2663B915005473B1 /* News-SwiftUI */;
			targetProxy = 9FB43D402663B916005473B1 /* PBXContainerItemProxy */;
		};
/* End PBXTargetDependency section */

/* Begin PBXVariantGroup section */
		9FB43D2C2663B916005473B1 /* LaunchScreen.storyboard */ = {
			isa = PBXVariantGroup;
			children = (
				9FB43D2D2663B916005473B1 /* Base */,
			);
			name = LaunchScreen.storyboard;
			sourceTree = "<group>";
		};
/* End PBXVariantGroup section */

/* Begin XCBuildConfiguration section */
		9FB43D462663B916005473B1 /* Debug */ = {
			isa = XCBuildConfiguration;
			buildSettings = {
				ALWAYS_SEARCH_USER_PATHS = NO;
				CLANG_ANALYZER_NONNULL = YES;
				CLANG_ANALYZER_NUMBER_OBJECT_CONVERSION = YES_AGGRESSIVE;
				CLANG_CXX_LANGUAGE_STANDARD = "gnu++14";
				CLANG_CXX_LIBRARY = "libc++";
				CLANG_ENABLE_MODULES = YES;
				CLANG_ENABLE_OBJC_ARC = YES;
				CLANG_ENABLE_OBJC_WEAK = YES;
				CLANG_WARN_BLOCK_CAPTURE_AUTORELEASING = YES;
				CLANG_WARN_BOOL_CONVERSION = YES;
				CLANG_WARN_COMMA = YES;
				CLANG_WARN_CONSTANT_CONVERSION = YES;
				CLANG_WARN_DEPRECATED_OBJC_IMPLEMENTATIONS = YES;
				CLANG_WARN_DIRECT_OBJC_ISA_USAGE = YES_ERROR;
				CLANG_WARN_DOCUMENTATION_COMMENTS = YES;
				CLANG_WARN_EMPTY_BODY = YES;
				CLANG_WARN_ENUM_CONVERSION = YES;
				CLANG_WARN_INFINITE_RECURSION = YES;
				CLANG_WARN_INT_CONVERSION = YES;
				CLANG_WARN_NON_LITERAL_NULL_CONVERSION = YES;
				CLANG_WARN_OBJC_IMPLICIT_RETAIN_SELF = YES;
				CLANG_WARN_OBJC_LITERAL_CONVERSION = YES;
				CLANG_WARN_OBJC_ROOT_CLASS = YES_ERROR;
				CLANG_WARN_QUOTED_INCLUDE_IN_FRAMEWORK_HEADER = YES;
				CLANG_WARN_RANGE_LOOP_ANALYSIS = YES;
				CLANG_WARN_STRICT_PROTOTYPES = YES;
				CLANG_WARN_SUSPICIOUS_MOVE = YES;
				CLANG_WARN_UNGUARDED_AVAILABILITY = YES_AGGRESSIVE;
				CLANG_WARN_UNREACHABLE_CODE = YES;
				CLANG_WARN__DUPLICATE_METHOD_MATCH = YES;
				COPY_PHASE_STRIP = NO;
				DEBUG_INFORMATION_FORMAT = dwarf;
				ENABLE_STRICT_OBJC_MSGSEND = YES;
				ENABLE_TESTABILITY = YES;
				GCC_C_LANGUAGE_STANDARD = gnu11;
				GCC_DYNAMIC_NO_PIC = NO;
				GCC_NO_COMMON_BLOCKS = YES;
				GCC_OPTIMIZATION_LEVEL = 0;
				GCC_PREPROCESSOR_DEFINITIONS = (
					"DEBUG=1",
					"$(inherited)",
				);
				GCC_WARN_64_TO_32_BIT_CONVERSION = YES;
				GCC_WARN_ABOUT_RETURN_TYPE = YES_ERROR;
				GCC_WARN_UNDECLARED_SELECTOR = YES;
				GCC_WARN_UNINITIALIZED_AUTOS = YES_AGGRESSIVE;
				GCC_WARN_UNUSED_FUNCTION = YES;
				GCC_WARN_UNUSED_VARIABLE = YES;
				IPHONEOS_DEPLOYMENT_TARGET = 14.5;
				MTL_ENABLE_DEBUG_INFO = INCLUDE_SOURCE;
				MTL_FAST_MATH = YES;
				ONLY_ACTIVE_ARCH = YES;
				SDKROOT = iphoneos;
				SWIFT_ACTIVE_COMPILATION_CONDITIONS = DEBUG;
				SWIFT_OPTIMIZATION_LEVEL = "-Onone";
			};
			name = Debug;
		};
		9FB43D472663B916005473B1 /* Release */ = {
			isa = XCBuildConfiguration;
			buildSettings = {
				ALWAYS_SEARCH_USER_PATHS = NO;
				CLANG_ANALYZER_NONNULL = YES;
				CLANG_ANALYZER_NUMBER_OBJECT_CONVERSION = YES_AGGRESSIVE;
				CLANG_CXX_LANGUAGE_STANDARD = "gnu++14";
				CLANG_CXX_LIBRARY = "libc++";
				CLANG_ENABLE_MODULES = YES;
				CLANG_ENABLE_OBJC_ARC = YES;
				CLANG_ENABLE_OBJC_WEAK = YES;
				CLANG_WARN_BLOCK_CAPTURE_AUTORELEASING = YES;
				CLANG_WARN_BOOL_CONVERSION = YES;
				CLANG_WARN_COMMA = YES;
				CLANG_WARN_CONSTANT_CONVERSION = YES;
				CLANG_WARN_DEPRECATED_OBJC_IMPLEMENTATIONS = YES;
				CLANG_WARN_DIRECT_OBJC_ISA_USAGE = YES_ERROR;
				CLANG_WARN_DOCUMENTATION_COMMENTS = YES;
				CLANG_WARN_EMPTY_BODY = YES;
				CLANG_WARN_ENUM_CONVERSION = YES;
				CLANG_WARN_INFINITE_RECURSION = YES;
				CLANG_WARN_INT_CONVERSION = YES;
				CLANG_WARN_NON_LITERAL_NULL_CONVERSION = YES;
				CLANG_WARN_OBJC_IMPLICIT_RETAIN_SELF = YES;
				CLANG_WARN_OBJC_LITERAL_CONVERSION = YES;
				CLANG_WARN_OBJC_ROOT_CLASS = YES_ERROR;
				CLANG_WARN_QUOTED_INCLUDE_IN_FRAMEWORK_HEADER = YES;
				CLANG_WARN_RANGE_LOOP_ANALYSIS = YES;
				CLANG_WARN_STRICT_PROTOTYPES = YES;
				CLANG_WARN_SUSPICIOUS_MOVE = YES;
				CLANG_WARN_UNGUARDED_AVAILABILITY = YES_AGGRESSIVE;
				CLANG_WARN_UNREACHABLE_CODE = YES;
				CLANG_WARN__DUPLICATE_METHOD_MATCH = YES;
				COPY_PHASE_STRIP = NO;
				DEBUG_INFORMATION_FORMAT = "dwarf-with-dsym";
				ENABLE_NS_ASSERTIONS = NO;
				ENABLE_STRICT_OBJC_MSGSEND = YES;
				GCC_C_LANGUAGE_STANDARD = gnu11;
				GCC_NO_COMMON_BLOCKS = YES;
				GCC_WARN_64_TO_32_BIT_CONVERSION = YES;
				GCC_WARN_ABOUT_RETURN_TYPE = YES_ERROR;
				GCC_WARN_UNDECLARED_SELECTOR = YES;
				GCC_WARN_UNINITIALIZED_AUTOS = YES_AGGRESSIVE;
				GCC_WARN_UNUSED_FUNCTION = YES;
				GCC_WARN_UNUSED_VARIABLE = YES;
				IPHONEOS_DEPLOYMENT_TARGET = 14.5;
				MTL_ENABLE_DEBUG_INFO = NO;
				MTL_FAST_MATH = YES;
				SDKROOT = iphoneos;
				SWIFT_COMPILATION_MODE = wholemodule;
				SWIFT_OPTIMIZATION_LEVEL = "-O";
				VALIDATE_PRODUCT = YES;
			};
			name = Release;
		};
		9FB43D492663B916005473B1 /* Debug */ = {
			isa = XCBuildConfiguration;
			buildSettings = {
				ASSETCATALOG_COMPILER_APPICON_NAME = AppIcon;
				ASSETCATALOG_COMPILER_GLOBAL_ACCENT_COLOR_NAME = AccentColor;
				CODE_SIGN_STYLE = Automatic;
				DEVELOPMENT_ASSET_PATHS = "\"News-SwiftUI/Preview Content\"";
				ENABLE_PREVIEWS = YES;
				INFOPLIST_FILE = "News-SwiftUI/Info.plist";
				LD_RUNPATH_SEARCH_PATHS = (
					"$(inherited)",
					"@executable_path/Frameworks",
				);
				PRODUCT_BUNDLE_IDENTIFIER = "com.abinash.iamrich.News-SwiftUI";
				PRODUCT_NAME = "$(TARGET_NAME)";
				SWIFT_VERSION = 5.0;
				TARGETED_DEVICE_FAMILY = "1,2";
			};
			name = Debug;
		};
		9FB43D4A2663B916005473B1 /* Release */ = {
			isa = XCBuildConfiguration;
			buildSettings = {
				ASSETCATALOG_COMPILER_APPICON_NAME = AppIcon;
				ASSETCATALOG_COMPILER_GLOBAL_ACCENT_COLOR_NAME = AccentColor;
				CODE_SIGN_STYLE = Automatic;
				DEVELOPMENT_ASSET_PATHS = "\"News-SwiftUI/Preview Content\"";
				ENABLE_PREVIEWS = YES;
				INFOPLIST_FILE = "News-SwiftUI/Info.plist";
				LD_RUNPATH_SEARCH_PATHS = (
					"$(inherited)",
					"@executable_path/Frameworks",
				);
				PRODUCT_BUNDLE_IDENTIFIER = "com.abinash.iamrich.News-SwiftUI";
				PRODUCT_NAME = "$(TARGET_NAME)";
				SWIFT_VERSION = 5.0;
				TARGETED_DEVICE_FAMILY = "1,2";
			};
			name = Release;
		};
		9FB43D4C2663B916005473B1 /* Debug */ = {
			isa = XCBuildConfiguration;
			buildSettings = {
				ALWAYS_EMBED_SWIFT_STANDARD_LIBRARIES = YES;
				BUNDLE_LOADER = "$(TEST_HOST)";
				CODE_SIGN_STYLE = Automatic;
				INFOPLIST_FILE = "News-SwiftUITests/Info.plist";
				IPHONEOS_DEPLOYMENT_TARGET = 14.5;
				LD_RUNPATH_SEARCH_PATHS = (
					"$(inherited)",
					"@executable_path/Frameworks",
					"@loader_path/Frameworks",
				);
				PRODUCT_BUNDLE_IDENTIFIER = "com.abinash.iamrich.News-SwiftUITests";
				PRODUCT_NAME = "$(TARGET_NAME)";
				SWIFT_VERSION = 5.0;
				TARGETED_DEVICE_FAMILY = "1,2";
				TEST_HOST = "$(BUILT_PRODUCTS_DIR)/News-SwiftUI.app/News-SwiftUI";
			};
			name = Debug;
		};
		9FB43D4D2663B916005473B1 /* Release */ = {
			isa = XCBuildConfiguration;
			buildSettings = {
				ALWAYS_EMBED_SWIFT_STANDARD_LIBRARIES = YES;
				BUNDLE_LOADER = "$(TEST_HOST)";
				CODE_SIGN_STYLE = Automatic;
				INFOPLIST_FILE = "News-SwiftUITests/Info.plist";
				IPHONEOS_DEPLOYMENT_TARGET = 14.5;
				LD_RUNPATH_SEARCH_PATHS = (
					"$(inherited)",
					"@executable_path/Frameworks",
					"@loader_path/Frameworks",
				);
				PRODUCT_BUNDLE_IDENTIFIER = "com.abinash.iamrich.News-SwiftUITests";
				PRODUCT_NAME = "$(TARGET_NAME)";
				SWIFT_VERSION = 5.0;
				TARGETED_DEVICE_FAMILY = "1,2";
				TEST_HOST = "$(BUILT_PRODUCTS_DIR)/News-SwiftUI.app/News-SwiftUI";
			};
			name = Release;
		};
		9FB43D4F2663B916005473B1 /* Debug */ = {
			isa = XCBuildConfiguration;
			buildSettings = {
				ALWAYS_EMBED_SWIFT_STANDARD_LIBRARIES = YES;
				CODE_SIGN_STYLE = Automatic;
				INFOPLIST_FILE = "News-SwiftUIUITests/Info.plist";
				LD_RUNPATH_SEARCH_PATHS = (
					"$(inherited)",
					"@executable_path/Frameworks",
					"@loader_path/Frameworks",
				);
				PRODUCT_BUNDLE_IDENTIFIER = "com.abinash.iamrich.News-SwiftUIUITests";
				PRODUCT_NAME = "$(TARGET_NAME)";
				SWIFT_VERSION = 5.0;
				TARGETED_DEVICE_FAMILY = "1,2";
				TEST_TARGET_NAME = "News-SwiftUI";
			};
			name = Debug;
		};
		9FB43D502663B916005473B1 /* Release */ = {
			isa = XCBuildConfiguration;
			buildSettings = {
				ALWAYS_EMBED_SWIFT_STANDARD_LIBRARIES = YES;
				CODE_SIGN_STYLE = Automatic;
				INFOPLIST_FILE = "News-SwiftUIUITests/Info.plist";
				LD_RUNPATH_SEARCH_PATHS = (
					"$(inherited)",
					"@executable_path/Frameworks",
					"@loader_path/Frameworks",
				);
				PRODUCT_BUNDLE_IDENTIFIER = "com.abinash.iamrich.News-SwiftUIUITests";
				PRODUCT_NAME = "$(TARGET_NAME)";
				SWIFT_VERSION = 5.0;
				TARGETED_DEVICE_FAMILY = "1,2";
				TEST_TARGET_NAME = "News-SwiftUI";
			};
			name = Release;
		};
/* End XCBuildConfiguration section */

/* Begin XCConfigurationList section */
		9FB43D192663B915005473B1 /* Build configuration list for PBXProject "News-SwiftUI" */ = {
			isa = XCConfigurationList;
			buildConfigurations = (
				9FB43D462663B916005473B1 /* Debug */,
				9FB43D472663B916005473B1 /* Release */,
			);
			defaultConfigurationIsVisible = 0;
			defaultConfigurationName = Release;
		};
		9FB43D482663B916005473B1 /* Build configuration list for PBXNativeTarget "News-SwiftUI" */ = {
			isa = XCConfigurationList;
			buildConfigurations = (
				9FB43D492663B916005473B1 /* Debug */,
				9FB43D4A2663B916005473B1 /* Release */,
			);
			defaultConfigurationIsVisible = 0;
			defaultConfigurationName = Release;
		};
		9FB43D4B2663B916005473B1 /* Build configuration list for PBXNativeTarget "News-SwiftUITests" */ = {
			isa = XCConfigurationList;
			buildConfigurations = (
				9FB43D4C2663B916005473B1 /* Debug */,
				9FB43D4D2663B916005473B1 /* Release */,
			);
			defaultConfigurationIsVisible = 0;
			defaultConfigurationName = Release;
		};
		9FB43D4E2663B916005473B1 /* Build configuration list for PBXNativeTarget "News-SwiftUIUITests" */ = {
			isa = XCConfigurationList;
			buildConfigurations = (
				9FB43D4F2663B916005473B1 /* Debug */,
				9FB43D502663B916005473B1 /* Release */,
			);
			defaultConfigurationIsVisible = 0;
			defaultConfigurationName = Release;
		};
/* End XCConfigurationList section */
	};
	rootObject = 9FB43D162663B915005473B1 /* Project object */;
}
